
Microsoft Visual Studio Solution File, Format Version 12.00
# Visual Studio Version 17
VisualStudioVersion = 17.14.36221.1 d17.14
MinimumVisualStudioVersion = 10.0.40219.1
Project("{FAE04EC0-301F-11D3-BF4B-00C04F79EFBC}") = "SportsCenter.API", "SportsCenterBookingSystem.API\SportsCenter.API.csproj", "{90CA1974-7D08-4630-A176-C1EE23A92C6C}"
EndProject
Project("{FAE04EC0-301F-11D3-BF4B-00C04F79EFBC}") = "SportsCenter.Application", "SportsCenterBookingSystem.Application\SportsCenter.Application.csproj", "{4C9A9F44-447C-4E05-8129-F33E88759F16}"
EndProject
Project("{FAE04EC0-301F-11D3-BF4B-00C04F79EFBC}") = "SportsCenter.Infrastructure", "SportsCenter.Infrastructure\SportsCenter.Infrastructure.csproj", "{76590D2B-F472-4F55-B54A-D5821F55558B}"
EndProject
Project("{FAE04EC0-301F-11D3-BF4B-00C04F79EFBC}") = "SportsCenter.Tests", "SportsCenter.Tests\SportsCenter.Tests.csproj", "{BF0D7DD3-2615-4FEC-BEAA-DE4FBAF83ED5}"
EndProject
Project("{FAE04EC0-301F-11D3-BF4B-00C04F79EFBC}") = "SportsCenter.Domain", "SportsCenter.Domain\SportsCenter.Domain.csproj", "{37E53296-A7E4-48E1-BFFD-8E4F6B991C5F}"
EndProject
Global
	GlobalSection(SolutionConfigurationPlatforms) = preSolution
		Debug|Any CPU = Debug|Any CPU
		Release|Any CPU = Release|Any CPU
	EndGlobalSection
	GlobalSection(ProjectConfigurationPlatforms) = postSolution
		{90CA1974-7D08-4630-A176-C1EE23A92C6C}.Debug|Any CPU.ActiveCfg = Debug|Any CPU
		{90CA1974-7D08-4630-A176-C1EE23A92C6C}.Debug|Any CPU.Build.0 = Debug|Any CPU
		{90CA1974-7D08-4630-A176-C1EE23A92C6C}.Release|Any CPU.ActiveCfg = Release|Any CPU
		{90CA1974-7D08-4630-A176-C1EE23A92C6C}.Release|Any CPU.Build.0 = Release|Any CPU
		{4C9A9F44-447C-4E05-8129-F33E88759F16}.Debug|Any CPU.ActiveCfg = Debug|Any CPU
		{4C9A9F44-447C-4E05-8129-F33E88759F16}.Debug|Any CPU.Build.0 = Debug|Any CPU
		{4C9A9F44-447C-4E05-8129-F33E88759F16}.Release|Any CPU.ActiveCfg = Release|Any CPU
		{4C9A9F44-447C-4E05-8129-F33E88759F16}.Release|Any CPU.Build.0 = Release|Any CPU
		{76590D2B-F472-4F55-B54A-D5821F55558B}.Debug|Any CPU.ActiveCfg = Debug|Any CPU
		{76590D2B-F472-4F55-B54A-D5821F55558B}.Debug|Any CPU.Build.0 = Debug|Any CPU
		{76590D2B-F472-4F55-B54A-D5821F55558B}.Release|Any CPU.ActiveCfg = Release|Any CPU
		{76590D2B-F472-4F55-B54A-D5821F55558B}.Release|Any CPU.Build.0 = Release|Any CPU
		{BF0D7DD3-2615-4FEC-BEAA-DE4FBAF83ED5}.Debug|Any CPU.ActiveCfg = Debug|Any CPU
		{BF0D7DD3-2615-4FEC-BEAA-DE4FBAF83ED5}.Debug|Any CPU.Build.0 = Debug|Any CPU
		{BF0D7DD3-2615-4FEC-BEAA-DE4FBAF83ED5}.Release|Any CPU.ActiveCfg = Release|Any CPU
		{BF0D7DD3-2615-4FEC-BEAA-DE4FBAF83ED5}.Release|Any CPU.Build.0 = Release|Any CPU
		{37E53296-A7E4-48E1-BFFD-8E4F6B991C5F}.Debug|Any CPU.ActiveCfg = Debug|Any CPU
		{37E53296-A7E4-48E1-BFFD-8E4F6B991C5F}.Debug|Any CPU.Build.0 = Debug|Any CPU
		{37E53296-A7E4-48E1-BFFD-8E4F6B991C5F}.Release|Any CPU.ActiveCfg = Release|Any CPU
		{37E53296-A7E4-48E1-BFFD-8E4F6B991C5F}.Release|Any CPU.Build.0 = Release|Any CPU
	EndGlobalSection
	GlobalSection(SolutionProperties) = preSolution
		HideSolutionNode = FALSE
	EndGlobalSection
	GlobalSection(ExtensibilityGlobals) = postSolution
		SolutionGuid = {C2D8CDAA-8583-4151-89A3-50842B3635A8}
	EndGlobalSection
EndGlobal
